github.com/therealfakemoot/go-markov v0.0.0-20180524015056-fc3e437f2485 h1:XFrOnZCVRFaYsPW7wi2MLElVHVdK5CC2izUSilL3ULc=
github.com/therealfakemoot/go-markov v0.0.0-20180524015056-fc3e437f2485/go.mod h1:2DbO423N4y2II/b+lEaOPOKw31v/pwU/M/2Fm+oXd0A=
github.com/therealfakemoot/gomarkov v0.0.0-20180818070845-1bd158c9a5f3 h1:1Ati2UEBsgZgxkxVsjHvhD6HC0cvuOlrNvZQDRWOW6o=
github.com/therealfakemoot/gomarkov v0.0.0-20180818070845-1bd158c9a5f3/go.mod h1:zo33WhwY4UO9EB8tIdD8tj3vbbLcPIMG4Szk3UETaXM=
github.com/therealfakemoot/tongues v0.0.0-20180904195248-12bef25b8423 h1:LLkKTz2pM0t7yNubGYkx5/zjnvO9zeS3CVrAuAnlt/4=
github.com/therealfakemoot/tongues v0.0.0-20180904195248-12bef25b8423/go.mod h1:cdeg9MAULBtG8KE1PjbuJF2sKCr4GvOdXw5aC9hwY/Y=
